
Microsoft Visual Studio Solution File, Format Version 12.00
# Visual Studio 14
VisualStudioVersion = 14.0.23107.0
MinimumVisualStudioVersion = 10.0.40219.1
Project("{FAE04EC0-301F-11D3-BF4B-00C04F79EFBC}") = "ChangePasswordServiceTests", "ChangePasswordServiceTests\ChangePasswordServiceTests.csproj", "{C71ACAF7-B70B-422B-8AB3-313A3FF56BFC}"
EndProject
Project("{FAE04EC0-301F-11D3-BF4B-00C04F79EFBC}") = "ChangePasswords", "ChangePasswords\ChangePasswords.csproj", "{1AA221B4-C024-4C92-B764-996CA591D7A9}"
EndProject
Global
	GlobalSection(SolutionConfigurationPlatforms) = preSolution
		Debug|Any CPU = Debug|Any CPU
		Release|Any CPU = Release|Any CPU
	EndGlobalSection
	GlobalSection(ProjectConfigurationPlatforms) = postSolution
		{C71ACAF7-B70B-422B-8AB3-313A3FF56BFC}.Debug|Any CPU.ActiveCfg = Debug|Any CPU
		{C71ACAF7-B70B-422B-8AB3-313A3FF56BFC}.Debug|Any CPU.Build.0 = Debug|Any CPU
		{C71ACAF7-B70B-422B-8AB3-313A3FF56BFC}.Release|Any CPU.ActiveCfg = Release|Any CPU
		{C71ACAF7-B70B-422B-8AB3-313A3FF56BFC}.Release|Any CPU.Build.0 = Release|Any CPU
		{1AA221B4-C024-4C92-B764-996CA591D7A9}.Debug|Any CPU.ActiveCfg = Debug|Any CPU
		{1AA221B4-C024-4C92-B764-996CA591D7A9}.Debug|Any CPU.Build.0 = Debug|Any CPU
		{1AA221B4-C024-4C92-B764-996CA591D7A9}.Release|Any CPU.ActiveCfg = Release|Any CPU
		{1AA221B4-C024-4C92-B764-996CA591D7A9}.Release|Any CPU.Build.0 = Release|Any CPU
	EndGlobalSection
	GlobalSection(SolutionProperties) = preSolution
		HideSolutionNode = FALSE
	EndGlobalSection
	GlobalSection(TeamFoundationVersionControl) = preSolution
		SccNumberOfProjects = 3
		SccEnterpriseProvider = {4CA58AB2-18FA-4F8D-95D4-32DDF27D184C}
		SccTeamFoundationServer = http://prodapp05:8080/tfs/eps
		SccLocalPath0 = .
		SccProjectUniqueName1 = ChangePasswordServiceTests\\ChangePasswordServiceTests.csproj
		SccProjectName1 = ChangePasswordServiceTests
		SccLocalPath1 = ChangePasswordServiceTests
		SccProjectUniqueName2 = ChangePasswords\\ChangePasswords.csproj
		SccProjectName2 = ChangePasswords
		SccLocalPath2 = ChangePasswords
	EndGlobalSection
EndGlobal
